// !$*UTF8*$!
{
	archiveVersion = 1;
	classes = {
	};
	objectVersion = 46;
	objects = {

/* Begin PBXBuildFile section */
		BF0F5DFD1D217D370031FB55 /* main.m in Sources */ = {isa = PBXBuildFile; fileRef = BF0F5DFC1D217D370031FB55 /* main.m */; };
		BF0F5E001D217D370031FB55 /* AppDelegate.m in Sources */ = {isa = PBXBuildFile; fileRef = BF0F5DFF1D217D370031FB55 /* AppDelegate.m */; };
		BF0F5E031D217D370031FB55 /* ViewController.m in Sources */ = {isa = PBXBuildFile; fileRef = BF0F5E021D217D370031FB55 /* ViewController.m */; };
		BF0F5E061D217D370031FB55 /* Main.storyboard in Resources */ = {isa = PBXBuildFile; fileRef = BF0F5E041D217D370031FB55 /* Main.storyboard */; };
		BF0F5E081D217D370031FB55 /* Assets.xcassets in Resources */ = {isa = PBXBuildFile; fileRef = BF0F5E071D217D370031FB55 /* Assets.xcassets */; };
		BF0F5E0B1D217D370031FB55 /* LaunchScreen.storyboard in Resources */ = {isa = PBXBuildFile; fileRef = BF0F5E091D217D370031FB55 /* LaunchScreen.storyboard */; };
/* End PBXBuildFile section */

/* Begin PBXFileReference section */
		BF0F5DF81D217D370031FB55 /* autoLayoutLab.app */ = {isa = PBXFileReference; explicitFileType = wrapper.application; includeInIndex = 0; path = autoLayoutLab.app; sourceTree = BUILT_PRODUCTS_DIR; };
		BF0F5DFC1D217D370031FB55 /* main.m */ = {isa = PBXFileReference; lastKnownFileType = sourcecode.c.objc; path = main.m; sourceTree = "<group>"; };
		BF0F5DFE1D217D370031FB55 /* AppDelegate.h */ = {isa = PBXFileReference; lastKnownFileType = sourcecode.c.h; path = AppDelegate.h; sourceTree = "<group>"; };
		BF0F5DFF1D217D370031FB55 /* AppDelegate.m */ = {isa = PBXFileReference; lastKnownFileType = sourcecode.c.objc; path = AppDelegate.m; sourceTree = "<group>"; };
		BF0F5E011D217D370031FB55 /* ViewController.h */ = {isa = PBXFileReference; lastKnownFileType = sourcecode.c.h; path = ViewController.h; sourceTree = "<group>"; };
		BF0F5E021D217D370031FB55 /* ViewController.m */ = {isa = PBXFileReference; lastKnownFileType = sourcecode.c.objc; path = ViewController.m; sourceTree = "<group>"; };
		BF0F5E051D217D370031FB55 /* Base */ = {isa = PBXFileReference; lastKnownFileType = file.storyboard; name = Base; path = Base.lproj/Main.storyboard; sourceTree = "<group>"; };
		BF0F5E071D217D370031FB55 /* Assets.xcassets */ = {isa = PBXFileReference; lastKnownFileType = folder.assetcatalog; path = Assets.xcassets; sourceTree = "<group>"; };
		BF0F5E0A1D217D370031FB55 /* Base */ = {isa = PBXFileReference; lastKnownFileType = file.storyboard; name = Base; path = Base.lproj/LaunchScreen.storyboard; sourceTree = "<group>"; };
		BF0F5E0C1D217D370031FB55 /* Info.plist */ = {isa = PBXFileReference; lastKnownFileType = text.plist.xml; path = Info.plist; sourceTree = "<group>"; };
/* End PBXFileReference section */

/* Begin PBXFrameworksBuildPhase section */
		BF0F5DF51D217D370031FB55 /* Frameworks */ = {
			isa = PBXFrameworksBuildPhase;
			buildActionMask = 2147483647;
			files = (
			);
			runOnlyForDeploymentPostprocessing = 0;
		};
/* End PBXFrameworksBuildPhase section */

/* Begin PBXGroup section */
		BF0F5DEF1D217D370031FB55 = {
			isa = PBXGroup;
			children = (
				BF0F5DFA1D217D370031FB55 /* autoLayoutLab */,
				BF0F5DF91D217D370031FB55 /* Products */,
			);
			sourceTree = "<group>";
		};
		BF0F5DF91D217D370031FB55 /* Products */ = {
			isa = PBXGroup;
			children = (
				BF0F5DF81D217D370031FB55 /* autoLayoutLab.app */,
			);
			name = Products;
			sourceTree = "<group>";
		};
		BF0F5DFA1D217D370031FB55 /* autoLayoutLab */ = {
			isa = PBXGroup;
			children = (
				BF0F5DFE1D217D370031FB55 /* AppDelegate.h */,
				BF0F5DFF1D217D370031FB55 /* AppDelegate.m */,
				BF0F5E011D217D370031FB55 /* ViewController.h */,
				BF0F5E021D217D370031FB55 /* ViewController.m */,
				BF0F5E041D217D370031FB55 /* Main.storyboard */,
				BF0F5E071D217D370031FB55 /* Assets.xcassets */,
				BF0F5E091D217D370031FB55 /* LaunchScreen.storyboard */,
				BF0F5E0C1D217D370031FB55 /* Info.plist */,
				BF0F5DFB1D217D370031FB55 /* Supporting Files */,
			);
			path = autoLayoutLab;
			sourceTree = "<group>";
		};
		BF0F5DFB1D217D370031FB55 /* Supporting Files */ = {
			isa = PBXGroup;
			children = (
				BF0F5DFC1D217D370031FB55 /* main.m */,
			);
			name = "Supporting Files";
			sourceTree = "<group>";
		};
/* End PBXGroup section */

/* Begin PBXNativeTarget section */
		BF0F5DF71D217D370031FB55 /* autoLayoutLab */ = {
			isa = PBXNativeTarget;
			buildConfigurationList = BF0F5E0F1D217D370031FB55 /* Build configuration list for PBXNativeTarget "autoLayoutLab" */;
			buildPhases = (
				BF0F5DF41D217D370031FB55 /* Sources */,
				BF0F5DF51D217D370031FB55 /* Frameworks */,
				BF0F5DF61D217D370031FB55 /* Resources */,
			);
			buildRules = (
			);
			dependencies = (
			);
			name = autoLayoutLab;
			productName = autoLayoutLab;
			productReference = BF0F5DF81D217D370031FB55 /* autoLayoutLab.app */;
			productType = "com.apple.product-type.application";
		};
/* End PBXNativeTarget section */

/* Begin PBXProject section */
		BF0F5DF01D217D370031FB55 /* Project object */ = {
			isa = PBXProject;
			attributes = {
				LastUpgradeCheck = 0730;
				ORGANIZATIONNAME = "Zain Nadeem";
				TargetAttributes = {
					BF0F5DF71D217D370031FB55 = {
						CreatedOnToolsVersion = 7.3.1;
					};
				};
			};
			buildConfigurationList = BF0F5DF31D217D370031FB55 /* Build configuration list for PBXProject "autoLayoutLab" */;
			compatibilityVersion = "Xcode 3.2";
			developmentRegion = English;
			hasScannedForEncodings = 0;
			knownRegions = (
				en,
				Base,
			);
			mainGroup = BF0F5DEF1D217D370031FB55;
			productRefGroup = BF0F5DF91D217D370031FB55 /* Products */;
			projectDirPath = "";
			projectRoot = "";
			targets = (
				BF0F5DF71D217D370031FB55 /* autoLayoutLab */,
			);
		};
/* End PBXProject section */

/* Begin PBXResourcesBuildPhase section */
		BF0F5DF61D217D370031FB55 /* Resources */ = {
			isa = PBXResourcesBuildPhase;
			buildActionMask = 2147483647;
			files = (
				BF0F5E0B1D217D370031FB55 /* LaunchScreen.storyboard in Resources */,
				BF0F5E081D217D370031FB55 /* Assets.xcassets in Resources */,
				BF0F5E061D217D370031FB55 /* Main.storyboard in Resources */,
			);
			runOnlyForDeploymentPostprocessing = 0;
		};
/* End PBXResourcesBuildPhase section */

/* Begin PBXSourcesBuildPhase section */
		BF0F5DF41D217D370031FB55 /* Sources */ = {
			isa = PBXSourcesBuildPhase;
			buildActionMask = 2147483647;
			files = (
				BF0F5E031D217D370031FB55 /* ViewController.m in Sources */,
				BF0F5E001D217D370031FB55 /* AppDelegate.m in Sources */,
				BF0F5DFD1D217D370031FB55 /* main.m in Sources */,
			);
			runOnlyForDeploymentPostprocessing = 0;
		};
/* End PBXSourcesBuildPhase section */

/* Begin PBXVariantGroup section */
		BF0F5E041D217D370031FB55 /* Main.storyboard */ = {
			isa = PBXVariantGroup;
			children = (
				BF0F5E051D217D370031FB55 /* Base */,
			);
			name = Main.storyboard;
			sourceTree = "<group>";
		};
		BF0F5E091D217D370031FB55 /* LaunchScreen.storyboard */ = {
			isa = PBXVariantGroup;
			children = (
				BF0F5E0A1D217D370031FB55 /* Base */,
			);
			name = LaunchScreen.storyboard;
			sourceTree = "<group>";
		};
/* End PBXVariantGroup section */

/* Begin XCBuildConfiguration section */
		BF0F5E0D1D217D370031FB55 /* Debug */ = {
			isa = XCBuildConfiguration;
			buildSettings = {
				ALWAYS_SEARCH_USER_PATHS = NO;
				CLANG_ANALYZER_NONNULL = YES;
				CLANG_CXX_LANGUAGE_STANDARD = "gnu++0x";
				CLANG_CXX_LIBRARY = "libc++";
				CLANG_ENABLE_MODULES = YES;
				CLANG_ENABLE_OBJC_ARC = YES;
				CLANG_WARN_BOOL_CONVERSION = YES;
				CLANG_WARN_CONSTANT_CONVERSION = YES;
				CLANG_WARN_DIRECT_OBJC_ISA_USAGE = YES_ERROR;
				CLANG_WARN_EMPTY_BODY = YES;
				CLANG_WARN_ENUM_CONVERSION = YES;
				CLANG_WARN_INT_CONVERSION = YES;
				CLANG_WARN_OBJC_ROOT_CLASS = YES_ERROR;
				CLANG_WARN_UNREACHABLE_CODE = YES;
				CLANG_WARN__DUPLICATE_METHOD_MATCH = YES;
				"CODE_SIGN_IDENTITY[sdk=iphoneos*]" = "iPhone Developer";
				COPY_PHASE_STRIP = NO;
				DEBUG_INFORMATION_FORMAT = dwarf;
				ENABLE_STRICT_OBJC_MSGSEND = YES;
				ENABLE_TESTABILITY = YES;
				GCC_C_LANGUAGE_STANDARD = gnu99;
				GCC_DYNAMIC_NO_PIC = NO;
				GCC_NO_COMMON_BLOCKS = YES;
				GCC_OPTIMIZATION_LEVEL = 0;
				GCC_PREPROCESSOR_DEFINITIONS = (
					"DEBUG=1",
					"$(inherited)",
				);
				GCC_WARN_64_TO_32_BIT_CONVERSION = YES;
				GCC_WARN_ABOUT_RETURN_TYPE = YES_ERROR;
				GCC_WARN_UNDECLARED_SELECTOR = YES;
				GCC_WARN_UNINITIALIZED_AUTOS = YES_AGGRESSIVE;
				GCC_WARN_UNUSED_FUNCTION = YES;
				GCC_WARN_UNUSED_VARIABLE = YES;
				IPHONEOS_DEPLOYMENT_TARGET = 9.3;
				MTL_ENABLE_DEBUG_INFO = YES;
				ONLY_ACTIVE_ARCH = YES;
				SDKROOT = iphoneos;
				TARGETED_DEVICE_FAMILY = "1,2";
			};
			name = Debug;
		};
		BF0F5E0E1D217D370031FB55 /* Release */ = {
			isa = XCBuildConfiguration;
			buildSettings = {
				ALWAYS_SEARCH_USER_PATHS = NO;
				CLANG_ANALYZER_NONNULL = YES;
				CLANG_CXX_LANGUAGE_STANDARD = "gnu++0x";
				CLANG_CXX_LIBRARY = "libc++";
				CLANG_ENABLE_MODULES = YES;
				CLANG_ENABLE_OBJC_ARC = YES;
				CLANG_WARN_BOOL_CONVERSION = YES;
				CLANG_WARN_CONSTANT_CONVERSION = YES;
				CLANG_WARN_DIRECT_OBJC_ISA_USAGE = YES_ERROR;
				CLANG_WARN_EMPTY_BODY = YES;
				CLANG_WARN_ENUM_CONVERSION = YES;
				CLANG_WARN_INT_CONVERSION = YES;
				CLANG_WARN_OBJC_ROOT_CLASS = YES_ERROR;
				CLANG_WARN_UNREACHABLE_CODE = YES;
				CLANG_WARN__DUPLICATE_METHOD_MATCH = YES;
				"CODE_SIGN_IDENTITY[sdk=iphoneos*]" = "iPhone Developer";
				COPY_PHASE_STRIP = NO;
				DEBUG_INFORMATION_FORMAT = "dwarf-with-dsym";
				ENABLE_NS_ASSERTIONS = NO;
				ENABLE_STRICT_OBJC_MSGSEND = YES;
				GCC_C_LANGUAGE_STANDARD = gnu99;
				GCC_NO_COMMON_BLOCKS = YES;
				GCC_WARN_64_TO_32_BIT_CONVERSION = YES;
				GCC_WARN_ABOUT_RETURN_TYPE = YES_ERROR;
				GCC_WARN_UNDECLARED_SELECTOR = YES;
				GCC_WARN_UNINITIALIZED_AUTOS = YES_AGGRESSIVE;
				GCC_WARN_UNUSED_FUNCTION = YES;
				GCC_WARN_UNUSED_VARIABLE = YES;
				IPHONEOS_DEPLOYMENT_TARGET = 9.3;
				MTL_ENABLE_DEBUG_INFO = NO;
				SDKROOT = iphoneos;
				TARGETED_DEVICE_FAMILY = "1,2";
				VALIDATE_PRODUCT = YES;
			};
			name = Release;
		};
		BF0F5E101D217D370031FB55 /* Debug */ = {
			isa = XCBuildConfiguration;
			buildSettings = {
				ASSETCATALOG_COMPILER_APPICON_NAME = AppIcon;
				INFOPLIST_FILE = autoLayoutLab/Info.plist;
				LD_RUNPATH_SEARCH_PATHS = "$(inherited) @executable_path/Frameworks";
				PRODUCT_BUNDLE_IDENTIFIER = zain.flatiron.autoLayoutLab;
				PRODUCT_NAME = "$(TARGET_NAME)";
			};
			name = Debug;
		};
		BF0F5E111D217D370031FB55 /* Release */ = {
			isa = XCBuildConfiguration;
			buildSettings = {
				ASSETCATALOG_COMPILER_APPICON_NAME = AppIcon;
				INFOPLIST_FILE = autoLayoutLab/Info.plist;
				LD_RUNPATH_SEARCH_PATHS = "$(inherited) @executable_path/Frameworks";
				PRODUCT_BUNDLE_IDENTIFIER = zain.flatiron.autoLayoutLab;
				PRODUCT_NAME = "$(TARGET_NAME)";
			};
			name = Release;
		};
/* End XCBuildConfiguration section */

/* Begin XCConfigurationList section */
		BF0F5DF31D217D370031FB55 /* Build configuration list for PBXProject "autoLayoutLab" */ = {
			isa = XCConfigurationList;
			buildConfigurations = (
				BF0F5E0D1D217D370031FB55 /* Debug */,
				BF0F5E0E1D217D370031FB55 /* Release */,
			);
			defaultConfigurationIsVisible = 0;
			defaultConfigurationName = Release;
		};
		BF0F5E0F1D217D370031FB55 /* Build configuration list for PBXNativeTarget "autoLayoutLab" */ = {
			isa = XCConfigurationList;
			buildConfigurations = (
				BF0F5E101D217D370031FB55 /* Debug */,
				BF0F5E111D217D370031FB55 /* Release */,
			);
			defaultConfigurationIsVisible = 0;
		};
/* End XCConfigurationList section */
	};
	rootObject = BF0F5DF01D217D370031FB55 /* Project object */;
}
